
Microsoft Visual Studio Solution File, Format Version 12.00
# Visual Studio Version 17
VisualStudioVersion = 17.5.33516.290
MinimumVisualStudioVersion = 10.0.40219.1
Project("{FAE04EC0-301F-11D3-BF4B-00C04F79EFBC}") = "Giao_dien_2", "Giao_dien_2\Giao_dien_2.csproj", "{899FC5F0-C7BF-49BE-9366-FF28B0BFABF7}"
EndProject
Global
	GlobalSection(SolutionConfigurationPlatforms) = preSolution
		Debug|Any CPU = Debug|Any CPU
		Release|Any CPU = Release|Any CPU
	EndGlobalSection
	GlobalSection(ProjectConfigurationPlatforms) = postSolution
		{899FC5F0-C7BF-49BE-9366-FF28B0BFABF7}.Debug|Any CPU.ActiveCfg = Debug|Any CPU
		{899FC5F0-C7BF-49BE-9366-FF28B0BFABF7}.Debug|Any CPU.Build.0 = Debug|Any CPU
		{899FC5F0-C7BF-49BE-9366-FF28B0BFABF7}.Release|Any CPU.ActiveCfg = Release|Any CPU
		{899FC5F0-C7BF-49BE-9366-FF28B0BFABF7}.Release|Any CPU.Build.0 = Release|Any CPU
	EndGlobalSection
	GlobalSection(SolutionProperties) = preSolution
		HideSolutionNode = FALSE
	EndGlobalSection
	GlobalSection(ExtensibilityGlobals) = postSolution
		SolutionGuid = {42DD885B-0348-407A-A460-CF3A41D138EF}
	EndGlobalSection
EndGlobal
